
Microsoft Visual Studio Solution File, Format Version 12.00
# Visual Studio Version 16
VisualStudioVersion = 16.0.31321.278
MinimumVisualStudioVersion = 10.0.40219.1
Project("{FAE04EC0-301F-11D3-BF4B-00C04F79EFBC}") = "TCPServer", "TCPServer.csproj", "{A1A52076-2A6E-4FD1-B106-2EF38C037ACF}"
EndProject
Project("{FAE04EC0-301F-11D3-BF4B-00C04F79EFBC}") = "TCPClient", "..\TCPClient\TCPClient.csproj", "{AC0FB317-C96E-46A2-866E-12A28A03468F}"
EndProject
Global
	GlobalSection(SolutionConfigurationPlatforms) = preSolution
		Debug|Any CPU = Debug|Any CPU
		Release|Any CPU = Release|Any CPU
	EndGlobalSection
	GlobalSection(ProjectConfigurationPlatforms) = postSolution
		{A1A52076-2A6E-4FD1-B106-2EF38C037ACF}.Debug|Any CPU.ActiveCfg = Debug|Any CPU
		{A1A52076-2A6E-4FD1-B106-2EF38C037ACF}.Debug|Any CPU.Build.0 = Debug|Any CPU
		{A1A52076-2A6E-4FD1-B106-2EF38C037ACF}.Release|Any CPU.ActiveCfg = Release|Any CPU
		{A1A52076-2A6E-4FD1-B106-2EF38C037ACF}.Release|Any CPU.Build.0 = Release|Any CPU
		{AC0FB317-C96E-46A2-866E-12A28A03468F}.Debug|Any CPU.ActiveCfg = Debug|Any CPU
		{AC0FB317-C96E-46A2-866E-12A28A03468F}.Debug|Any CPU.Build.0 = Debug|Any CPU
		{AC0FB317-C96E-46A2-866E-12A28A03468F}.Release|Any CPU.ActiveCfg = Release|Any CPU
		{AC0FB317-C96E-46A2-866E-12A28A03468F}.Release|Any CPU.Build.0 = Release|Any CPU
	EndGlobalSection
	GlobalSection(SolutionProperties) = preSolution
		HideSolutionNode = FALSE
	EndGlobalSection
	GlobalSection(ExtensibilityGlobals) = postSolution
		SolutionGuid = {D19EBD01-94DA-47A8-A91D-AE85718883AA}
	EndGlobalSection
EndGlobal
